// !$*UTF8*$!
{
	archiveVersion = 1;
	classes = {
	};
	objectVersion = 46;
	objects = {

/* Begin PBXBuildFile section */
		D1C84BB21C2761220052BD8D /* AppDelegate.swift in Sources */ = {isa = PBXBuildFile; fileRef = D1C84BB11C2761220052BD8D /* AppDelegate.swift */; };
		D1C84BB41C2761220052BD8D /* ViewController.swift in Sources */ = {isa = PBXBuildFile; fileRef = D1C84BB31C2761220052BD8D /* ViewController.swift */; };
		D1C84BB71C2761220052BD8D /* Main.storyboard in Resources */ = {isa = PBXBuildFile; fileRef = D1C84BB51C2761220052BD8D /* Main.storyboard */; };
		D1C84BB91C2761220052BD8D /* Assets.xcassets in Resources */ = {isa = PBXBuildFile; fileRef = D1C84BB81C2761220052BD8D /* Assets.xcassets */; };
		D1C84BBC1C2761220052BD8D /* LaunchScreen.storyboard in Resources */ = {isa = PBXBuildFile; fileRef = D1C84BBA1C2761220052BD8D /* LaunchScreen.storyboard */; };
		D1C84BC71C2761220052BD8D /* tipcalculatorTests.swift in Sources */ = {isa = PBXBuildFile; fileRef = D1C84BC61C2761220052BD8D /* tipcalculatorTests.swift */; };
		D1C84BD21C2761220052BD8D /* tipcalculatorUITests.swift in Sources */ = {isa = PBXBuildFile; fileRef = D1C84BD11C2761220052BD8D /* tipcalculatorUITests.swift */; };
/* End PBXBuildFile section */

/* Begin PBXContainerItemProxy section */
		D1C84BC31C2761220052BD8D /* PBXContainerItemProxy */ = {
			isa = PBXContainerItemProxy;
			containerPortal = D1C84BA61C2761210052BD8D /* Project object */;
			proxyType = 1;
			remoteGlobalIDString = D1C84BAD1C2761220052BD8D;
			remoteInfo = tipcalculator;
		};
		D1C84BCE1C2761220052BD8D /* PBXContainerItemProxy */ = {
			isa = PBXContainerItemProxy;
			containerPortal = D1C84BA61C2761210052BD8D /* Project object */;
			proxyType = 1;
			remoteGlobalIDString = D1C84BAD1C2761220052BD8D;
			remoteInfo = tipcalculator;
		};
/* End PBXContainerItemProxy section */

/* Begin PBXFileReference section */
		D1C84BAE1C2761220052BD8D /* Tipster.app */ = {isa = PBXFileReference; explicitFileType = wrapper.application; includeInIndex = 0; path = Tipster.app; sourceTree = BUILT_PRODUCTS_DIR; };
		D1C84BB11C2761220052BD8D /* AppDelegate.swift */ = {isa = PBXFileReference; lastKnownFileType = sourcecode.swift; path = AppDelegate.swift; sourceTree = "<group>"; };
		D1C84BB31C2761220052BD8D /* ViewController.swift */ = {isa = PBXFileReference; lastKnownFileType = sourcecode.swift; path = ViewController.swift; sourceTree = "<group>"; };
		D1C84BB61C2761220052BD8D /* Base */ = {isa = PBXFileReference; lastKnownFileType = file.storyboard; name = Base; path = Base.lproj/Main.storyboard; sourceTree = "<group>"; };
		D1C84BB81C2761220052BD8D /* Assets.xcassets */ = {isa = PBXFileReference; lastKnownFileType = folder.assetcatalog; path = Assets.xcassets; sourceTree = "<group>"; };
		D1C84BBB1C2761220052BD8D /* Base */ = {isa = PBXFileReference; lastKnownFileType = file.storyboard; name = Base; path = Base.lproj/LaunchScreen.storyboard; sourceTree = "<group>"; };
		D1C84BBD1C2761220052BD8D /* Info.plist */ = {isa = PBXFileReference; lastKnownFileType = text.plist.xml; path = Info.plist; sourceTree = "<group>"; };
		D1C84BC21C2761220052BD8D /* Tipster.xctest */ = {isa = PBXFileReference; explicitFileType = wrapper.cfbundle; includeInIndex = 0; path = Tipster.xctest; sourceTree = BUILT_PRODUCTS_DIR; };
		D1C84BC61C2761220052BD8D /* tipcalculatorTests.swift */ = {isa = PBXFileReference; lastKnownFileType = sourcecode.swift; path = tipcalculatorTests.swift; sourceTree = "<group>"; };
		D1C84BC81C2761220052BD8D /* Info.plist */ = {isa = PBXFileReference; lastKnownFileType = text.plist.xml; path = Info.plist; sourceTree = "<group>"; };
		D1C84BCD1C2761220052BD8D /* Tipster.xctest */ = {isa = PBXFileReference; explicitFileType = wrapper.cfbundle; includeInIndex = 0; path = Tipster.xctest; sourceTree = BUILT_PRODUCTS_DIR; };
		D1C84BD11C2761220052BD8D /* tipcalculatorUITests.swift */ = {isa = PBXFileReference; lastKnownFileType = sourcecode.swift; path = tipcalculatorUITests.swift; sourceTree = "<group>"; };
		D1C84BD31C2761220052BD8D /* Info.plist */ = {isa = PBXFileReference; lastKnownFileType = text.plist.xml; path = Info.plist; sourceTree = "<group>"; };
/* End PBXFileReference section */

/* Begin PBXFrameworksBuildPhase section */
		D1C84BAB1C2761220052BD8D /* Frameworks */ = {
			isa = PBXFrameworksBuildPhase;
			buildActionMask = 2147483647;
			files = (
			);
			runOnlyForDeploymentPostprocessing = 0;
		};
		D1C84BBF1C2761220052BD8D /* Frameworks */ = {
			isa = PBXFrameworksBuildPhase;
			buildActionMask = 2147483647;
			files = (
			);
			runOnlyForDeploymentPostprocessing = 0;
		};
		D1C84BCA1C2761220052BD8D /* Frameworks */ = {
			isa = PBXFrameworksBuildPhase;
			buildActionMask = 2147483647;
			files = (
			);
			runOnlyForDeploymentPostprocessing = 0;
		};
/* End PBXFrameworksBuildPhase section */

/* Begin PBXGroup section */
		D1C84BA51C2761210052BD8D = {
			isa = PBXGroup;
			children = (
				D1C84BB01C2761220052BD8D /* tipcalculator */,
				D1C84BC51C2761220052BD8D /* tipcalculatorTests */,
				D1C84BD01C2761220052BD8D /* tipcalculatorUITests */,
				D1C84BAF1C2761220052BD8D /* Products */,
			);
			sourceTree = "<group>";
		};
		D1C84BAF1C2761220052BD8D /* Products */ = {
			isa = PBXGroup;
			children = (
				D1C84BAE1C2761220052BD8D /* Tipster.app */,
				D1C84BC21C2761220052BD8D /* Tipster.xctest */,
				D1C84BCD1C2761220052BD8D /* Tipster.xctest */,
			);
			name = Products;
			sourceTree = "<group>";
		};
		D1C84BB01C2761220052BD8D /* tipcalculator */ = {
			isa = PBXGroup;
			children = (
				D1C84BB11C2761220052BD8D /* AppDelegate.swift */,
				D1C84BB31C2761220052BD8D /* ViewController.swift */,
				D1C84BB51C2761220052BD8D /* Main.storyboard */,
				D1C84BB81C2761220052BD8D /* Assets.xcassets */,
				D1C84BBA1C2761220052BD8D /* LaunchScreen.storyboard */,
				D1C84BBD1C2761220052BD8D /* Info.plist */,
			);
			path = tipcalculator;
			sourceTree = "<group>";
		};
		D1C84BC51C2761220052BD8D /* tipcalculatorTests */ = {
			isa = PBXGroup;
			children = (
				D1C84BC61C2761220052BD8D /* tipcalculatorTests.swift */,
				D1C84BC81C2761220052BD8D /* Info.plist */,
			);
			path = tipcalculatorTests;
			sourceTree = "<group>";
		};
		D1C84BD01C2761220052BD8D /* tipcalculatorUITests */ = {
			isa = PBXGroup;
			children = (
				D1C84BD11C2761220052BD8D /* tipcalculatorUITests.swift */,
				D1C84BD31C2761220052BD8D /* Info.plist */,
			);
			path = tipcalculatorUITests;
			sourceTree = "<group>";
		};
/* End PBXGroup section */

/* Begin PBXNativeTarget section */
		D1C84BAD1C2761220052BD8D /* Tipster */ = {
			isa = PBXNativeTarget;
			buildConfigurationList = D1C84BD61C2761220052BD8D /* Build configuration list for PBXNativeTarget "Tipster" */;
			buildPhases = (
				D1C84BAA1C2761220052BD8D /* Sources */,
				D1C84BAB1C2761220052BD8D /* Frameworks */,
				D1C84BAC1C2761220052BD8D /* Resources */,
			);
			buildRules = (
			);
			dependencies = (
			);
			name = Tipster;
			productName = tipcalculator;
			productReference = D1C84BAE1C2761220052BD8D /* Tipster.app */;
			productType = "com.apple.product-type.application";
		};
		D1C84BC11C2761220052BD8D /* TipsterTests */ = {
			isa = PBXNativeTarget;
			buildConfigurationList = D1C84BD91C2761220052BD8D /* Build configuration list for PBXNativeTarget "TipsterTests" */;
			buildPhases = (
				D1C84BBE1C2761220052BD8D /* Sources */,
				D1C84BBF1C2761220052BD8D /* Frameworks */,
				D1C84BC01C2761220052BD8D /* Resources */,
			);
			buildRules = (
			);
			dependencies = (
				D1C84BC41C2761220052BD8D /* PBXTargetDependency */,
			);
			name = TipsterTests;
			productName = tipcalculatorTests;
			productReference = D1C84BC21C2761220052BD8D /* Tipster.xctest */;
			productType = "com.apple.product-type.bundle.unit-test";
		};
		D1C84BCC1C2761220052BD8D /* TipsterUITests */ = {
			isa = PBXNativeTarget;
			buildConfigurationList = D1C84BDC1C2761220052BD8D /* Build configuration list for PBXNativeTarget "TipsterUITests" */;
			buildPhases = (
				D1C84BC91C2761220052BD8D /* Sources */,
				D1C84BCA1C2761220052BD8D /* Frameworks */,
				D1C84BCB1C2761220052BD8D /* Resources */,
			);
			buildRules = (
			);
			dependencies = (
				D1C84BCF1C2761220052BD8D /* PBXTargetDependency */,
			);
			name = TipsterUITests;
			productName = tipcalculatorUITests;
			productReference = D1C84BCD1C2761220052BD8D /* Tipster.xctest */;
			productType = "com.apple.product-type.bundle.ui-testing";
		};
/* End PBXNativeTarget section */

/* Begin PBXProject section */
		D1C84BA61C2761210052BD8D /* Project object */ = {
			isa = PBXProject;
			attributes = {
				LastSwiftUpdateCheck = 0720;
				LastUpgradeCheck = 0720;
				ORGANIZATIONNAME = "Umut Yerli";
				TargetAttributes = {
					D1C84BAD1C2761220052BD8D = {
						CreatedOnToolsVersion = 7.2;
						DevelopmentTeam = XGJ9BY5PR2;
					};
					D1C84BC11C2761220052BD8D = {
						CreatedOnToolsVersion = 7.2;
						DevelopmentTeam = XGJ9BY5PR2;
						TestTargetID = D1C84BAD1C2761220052BD8D;
					};
					D1C84BCC1C2761220052BD8D = {
						CreatedOnToolsVersion = 7.2;
						DevelopmentTeam = XGJ9BY5PR2;
						TestTargetID = D1C84BAD1C2761220052BD8D;
					};
				};
			};
			buildConfigurationList = D1C84BA91C2761210052BD8D /* Build configuration list for PBXProject "Tipster" */;
			compatibilityVersion = "Xcode 3.2";
			developmentRegion = English;
			hasScannedForEncodings = 0;
			knownRegions = (
				en,
				Base,
			);
			mainGroup = D1C84BA51C2761210052BD8D;
			productRefGroup = D1C84BAF1C2761220052BD8D /* Products */;
			projectDirPath = "";
			projectRoot = "";
			targets = (
				D1C84BAD1C2761220052BD8D /* Tipster */,
				D1C84BC11C2761220052BD8D /* TipsterTests */,
				D1C84BCC1C2761220052BD8D /* TipsterUITests */,
			);
		};
/* End PBXProject section */

/* Begin PBXResourcesBuildPhase section */
		D1C84BAC1C2761220052BD8D /* Resources */ = {
			isa = PBXResourcesBuildPhase;
			buildActionMask = 2147483647;
			files = (
				D1C84BBC1C2761220052BD8D /* LaunchScreen.storyboard in Resources */,
				D1C84BB91C2761220052BD8D /* Assets.xcassets in Resources */,
				D1C84BB71C2761220052BD8D /* Main.storyboard in Resources */,
			);
			runOnlyForDeploymentPostprocessing = 0;
		};
		D1C84BC01C2761220052BD8D /* Resources */ = {
			isa = PBXResourcesBuildPhase;
			buildActionMask = 2147483647;
			files = (
			);
			runOnlyForDeploymentPostprocessing = 0;
		};
		D1C84BCB1C2761220052BD8D /* Resources */ = {
			isa = PBXResourcesBuildPhase;
			buildActionMask = 2147483647;
			files = (
			);
			runOnlyForDeploymentPostprocessing = 0;
		};
/* End PBXResourcesBuildPhase section */

/* Begin PBXSourcesBuildPhase section */
		D1C84BAA1C2761220052BD8D /* Sources */ = {
			isa = PBXSourcesBuildPhase;
			buildActionMask = 2147483647;
			files = (
				D1C84BB41C2761220052BD8D /* ViewController.swift in Sources */,
				D1C84BB21C2761220052BD8D /* AppDelegate.swift in Sources */,
			);
			runOnlyForDeploymentPostprocessing = 0;
		};
		D1C84BBE1C2761220052BD8D /* Sources */ = {
			isa = PBXSourcesBuildPhase;
			buildActionMask = 2147483647;
			files = (
				D1C84BC71C2761220052BD8D /* tipcalculatorTests.swift in Sources */,
			);
			runOnlyForDeploymentPostprocessing = 0;
		};
		D1C84BC91C2761220052BD8D /* Sources */ = {
			isa = PBXSourcesBuildPhase;
			buildActionMask = 2147483647;
			files = (
				D1C84BD21C2761220052BD8D /* tipcalculatorUITests.swift in Sources */,
			);
			runOnlyForDeploymentPostprocessing = 0;
		};
/* End PBXSourcesBuildPhase section */

/* Begin PBXTargetDependency section */
		D1C84BC41C2761220052BD8D /* PBXTargetDependency */ = {
			isa = PBXTargetDependency;
			target = D1C84BAD1C2761220052BD8D /* Tipster */;
			targetProxy = D1C84BC31C2761220052BD8D /* PBXContainerItemProxy */;
		};
		D1C84BCF1C2761220052BD8D /* PBXTargetDependency */ = {
			isa = PBXTargetDependency;
			target = D1C84BAD1C2761220052BD8D /* Tipster */;
			targetProxy = D1C84BCE1C2761220052BD8D /* PBXContainerItemProxy */;
		};
/* End PBXTargetDependency section */

/* Begin PBXVariantGroup section */
		D1C84BB51C2761220052BD8D /* Main.storyboard */ = {
			isa = PBXVariantGroup;
			children = (
				D1C84BB61C2761220052BD8D /* Base */,
			);
			name = Main.storyboard;
			sourceTree = "<group>";
		};
		D1C84BBA1C2761220052BD8D /* LaunchScreen.storyboard */ = {
			isa = PBXVariantGroup;
			children = (
				D1C84BBB1C2761220052BD8D /* Base */,
			);
			name = LaunchScreen.storyboard;
			sourceTree = "<group>";
		};
/* End PBXVariantGroup section */

/* Begin XCBuildConfiguration section */
		D1C84BD41C2761220052BD8D /* Debug */ = {
			isa = XCBuildConfiguration;
			buildSettings = {
				ALWAYS_SEARCH_USER_PATHS = NO;
				CLANG_CXX_LANGUAGE_STANDARD = "gnu++0x";
				CLANG_CXX_LIBRARY = "libc++";
				CLANG_ENABLE_MODULES = YES;
				CLANG_ENABLE_OBJC_ARC = YES;
				CLANG_WARN_BOOL_CONVERSION = YES;
				CLANG_WARN_CONSTANT_CONVERSION = YES;
				CLANG_WARN_DIRECT_OBJC_ISA_USAGE = YES_ERROR;
				CLANG_WARN_EMPTY_BODY = YES;
				CLANG_WARN_ENUM_CONVERSION = YES;
				CLANG_WARN_INT_CONVERSION = YES;
				CLANG_WARN_OBJC_ROOT_CLASS = YES_ERROR;
				CLANG_WARN_UNREACHABLE_CODE = YES;
				CLANG_WARN__DUPLICATE_METHOD_MATCH = YES;
				"CODE_SIGN_IDENTITY[sdk=iphoneos*]" = "iPhone Developer";
				COPY_PHASE_STRIP = NO;
				DEBUG_INFORMATION_FORMAT = dwarf;
				ENABLE_STRICT_OBJC_MSGSEND = YES;
				ENABLE_TESTABILITY = YES;
				GCC_C_LANGUAGE_STANDARD = gnu99;
				GCC_DYNAMIC_NO_PIC = NO;
				GCC_NO_COMMON_BLOCKS = YES;
				GCC_OPTIMIZATION_LEVEL = 0;
				GCC_PREPROCESSOR_DEFINITIONS = (
					"DEBUG=1",
					"$(inherited)",
				);
				GCC_WARN_64_TO_32_BIT_CONVERSION = YES;
				GCC_WARN_ABOUT_RETURN_TYPE = YES_ERROR;
				GCC_WARN_UNDECLARED_SELECTOR = YES;
				GCC_WARN_UNINITIALIZED_AUTOS = YES_AGGRESSIVE;
				GCC_WARN_UNUSED_FUNCTION = YES;
				GCC_WARN_UNUSED_VARIABLE = YES;
				IPHONEOS_DEPLOYMENT_TARGET = 9.2;
				MTL_ENABLE_DEBUG_INFO = YES;
				ONLY_ACTIVE_ARCH = YES;
				SDKROOT = iphoneos;
				SWIFT_OPTIMIZATION_LEVEL = "-Onone";
			};
			name = Debug;
		};
		D1C84BD51C2761220052BD8D /* Release */ = {
			isa = XCBuildConfiguration;
			buildSettings = {
				ALWAYS_SEARCH_USER_PATHS = NO;
				CLANG_CXX_LANGUAGE_STANDARD = "gnu++0x";
				CLANG_CXX_LIBRARY = "libc++";
				CLANG_ENABLE_MODULES = YES;
				CLANG_ENABLE_OBJC_ARC = YES;
				CLANG_WARN_BOOL_CONVERSION = YES;
				CLANG_WARN_CONSTANT_CONVERSION = YES;
				CLANG_WARN_DIRECT_OBJC_ISA_USAGE = YES_ERROR;
				CLANG_WARN_EMPTY_BODY = YES;
				CLANG_WARN_ENUM_CONVERSION = YES;
				CLANG_WARN_INT_CONVERSION = YES;
				CLANG_WARN_OBJC_ROOT_CLASS = YES_ERROR;
				CLANG_WARN_UNREACHABLE_CODE = YES;
				CLANG_WARN__DUPLICATE_METHOD_MATCH = YES;
				"CODE_SIGN_IDENTITY[sdk=iphoneos*]" = "iPhone Developer";
				COPY_PHASE_STRIP = NO;
				DEBUG_INFORMATION_FORMAT = "dwarf-with-dsym";
				ENABLE_NS_ASSERTIONS = NO;
				ENABLE_STRICT_OBJC_MSGSEND = YES;
				GCC_C_LANGUAGE_STANDARD = gnu99;
				GCC_NO_COMMON_BLOCKS = YES;
				GCC_WARN_64_TO_32_BIT_CONVERSION = YES;
				GCC_WARN_ABOUT_RETURN_TYPE = YES_ERROR;
				GCC_WARN_UNDECLARED_SELECTOR = YES;
				GCC_WARN_UNINITIALIZED_AUTOS = YES_AGGRESSIVE;
				GCC_WARN_UNUSED_FUNCTION = YES;
				GCC_WARN_UNUSED_VARIABLE = YES;
				IPHONEOS_DEPLOYMENT_TARGET = 9.2;
				MTL_ENABLE_DEBUG_INFO = NO;
				SDKROOT = iphoneos;
				VALIDATE_PRODUCT = YES;
			};
			name = Release;
		};
		D1C84BD71C2761220052BD8D /* Debug */ = {
			isa = XCBuildConfiguration;
			buildSettings = {
				ASSETCATALOG_COMPILER_APPICON_NAME = AppIcon;
				CODE_SIGN_IDENTITY = "iPhone Developer";
				INFOPLIST_FILE = tipcalculator/Info.plist;
				LD_RUNPATH_SEARCH_PATHS = "$(inherited) @executable_path/Frameworks";
				PRODUCT_BUNDLE_IDENTIFIER = "Umut-Yerli.tipcalculator";
				PRODUCT_NAME = Tipster;
			};
			name = Debug;
		};
		D1C84BD81C2761220052BD8D /* Release */ = {
			isa = XCBuildConfiguration;
			buildSettings = {
				ASSETCATALOG_COMPILER_APPICON_NAME = AppIcon;
				CODE_SIGN_IDENTITY = "iPhone Developer";
				INFOPLIST_FILE = tipcalculator/Info.plist;
				LD_RUNPATH_SEARCH_PATHS = "$(inherited) @executable_path/Frameworks";
				PRODUCT_BUNDLE_IDENTIFIER = "Umut-Yerli.tipcalculator";
				PRODUCT_NAME = Tipster;
			};
			name = Release;
		};
		D1C84BDA1C2761220052BD8D /* Debug */ = {
			isa = XCBuildConfiguration;
			buildSettings = {
				BUNDLE_LOADER = "$(TEST_HOST)";
				INFOPLIST_FILE = tipcalculatorTests/Info.plist;
				LD_RUNPATH_SEARCH_PATHS = "$(inherited) @executable_path/Frameworks @loader_path/Frameworks";
				PRODUCT_BUNDLE_IDENTIFIER = "Umut-Yerli.tipcalculatorTests";
				PRODUCT_NAME = Tipster;
				TEST_HOST = "$(BUILT_PRODUCTS_DIR)/Tipster.app/Tipster";
			};
			name = Debug;
		};
		D1C84BDB1C2761220052BD8D /* Release */ = {
			isa = XCBuildConfiguration;
			buildSettings = {
				BUNDLE_LOADER = "$(TEST_HOST)";
				INFOPLIST_FILE = tipcalculatorTests/Info.plist;
				LD_RUNPATH_SEARCH_PATHS = "$(inherited) @executable_path/Frameworks @loader_path/Frameworks";
				PRODUCT_BUNDLE_IDENTIFIER = "Umut-Yerli.tipcalculatorTests";
				PRODUCT_NAME = Tipster;
				TEST_HOST = "$(BUILT_PRODUCTS_DIR)/Tipster.app/Tipster";
			};
			name = Release;
		};
		D1C84BDD1C2761220052BD8D /* Debug */ = {
			isa = XCBuildConfiguration;
			buildSettings = {
				INFOPLIST_FILE = tipcalculatorUITests/Info.plist;
				LD_RUNPATH_SEARCH_PATHS = "$(inherited) @executable_path/Frameworks @loader_path/Frameworks";
				PRODUCT_BUNDLE_IDENTIFIER = "Umut-Yerli.tipcalculatorUITests";
				PRODUCT_NAME = Tipster;
				TEST_TARGET_NAME = tipcalculator;
				USES_XCTRUNNER = YES;
			};
			name = Debug;
		};
		D1C84BDE1C2761220052BD8D /* Release */ = {
			isa = XCBuildConfiguration;
			buildSettings = {
				INFOPLIST_FILE = tipcalculatorUITests/Info.plist;
				LD_RUNPATH_SEARCH_PATHS = "$(inherited) @executable_path/Frameworks @loader_path/Frameworks";
				PRODUCT_BUNDLE_IDENTIFIER = "Umut-Yerli.tipcalculatorUITests";
				PRODUCT_NAME = Tipster;
				TEST_TARGET_NAME = tipcalculator;
				USES_XCTRUNNER = YES;
			};
			name = Release;
		};
/* End XCBuildConfiguration section */

/* Begin XCConfigurationList section */
		D1C84BA91C2761210052BD8D /* Build configuration list for PBXProject "Tipster" */ = {
			isa = XCConfigurationList;
			buildConfigurations = (
				D1C84BD41C2761220052BD8D /* Debug */,
				D1C84BD51C2761220052BD8D /* Release */,
			);
			defaultConfigurationIsVisible = 0;
			defaultConfigurationName = Release;
		};
		D1C84BD61C2761220052BD8D /* Build configuration list for PBXNativeTarget "Tipster" */ = {
			isa = XCConfigurationList;
			buildConfigurations = (
				D1C84BD71C2761220052BD8D /* Debug */,
				D1C84BD81C2761220052BD8D /* Release */,
			);
			defaultConfigurationIsVisible = 0;
			defaultConfigurationName = Release;
		};
		D1C84BD91C2761220052BD8D /* Build configuration list for PBXNativeTarget "TipsterTests" */ = {
			isa = XCConfigurationList;
			buildConfigurations = (
				D1C84BDA1C2761220052BD8D /* Debug */,
				D1C84BDB1C2761220052BD8D /* Release */,
			);
			defaultConfigurationIsVisible = 0;
			defaultConfigurationName = Release;
		};
		D1C84BDC1C2761220052BD8D /* Build configuration list for PBXNativeTarget "TipsterUITests" */ = {
			isa = XCConfigurationList;
			buildConfigurations = (
				D1C84BDD1C2761220052BD8D /* Debug */,
				D1C84BDE1C2761220052BD8D /* Release */,
			);
			defaultConfigurationIsVisible = 0;
			defaultConfigurationName = Release;
		};
/* End XCConfigurationList section */
	};
	rootObject = D1C84BA61C2761210052BD8D /* Project object */;
}
